
Microsoft Visual Studio Solution File, Format Version 12.00
# Visual Studio Version 17
VisualStudioVersion = 17.4.33110.190
MinimumVisualStudioVersion = 10.0.40219.1
Project("{FAE04EC0-301F-11D3-BF4B-00C04F79EFBC}") = "Arbol_binario_busqueda", "Arbol_binario_busqueda.csproj", "{A417CA1F-777E-45CB-AF79-1EB44D0460D6}"
EndProject
Global
	GlobalSection(SolutionConfigurationPlatforms) = preSolution
		Debug|Any CPU = Debug|Any CPU
		Release|Any CPU = Release|Any CPU
	EndGlobalSection
	GlobalSection(ProjectConfigurationPlatforms) = postSolution
		{A417CA1F-777E-45CB-AF79-1EB44D0460D6}.Debug|Any CPU.ActiveCfg = Debug|Any CPU
		{A417CA1F-777E-45CB-AF79-1EB44D0460D6}.Debug|Any CPU.Build.0 = Debug|Any CPU
		{A417CA1F-777E-45CB-AF79-1EB44D0460D6}.Release|Any CPU.ActiveCfg = Release|Any CPU
		{A417CA1F-777E-45CB-AF79-1EB44D0460D6}.Release|Any CPU.Build.0 = Release|Any CPU
	EndGlobalSection
	GlobalSection(SolutionProperties) = preSolution
		HideSolutionNode = FALSE
	EndGlobalSection
	GlobalSection(ExtensibilityGlobals) = postSolution
		SolutionGuid = {D912204C-7634-43EB-A14C-C08D123AA584}
	EndGlobalSection
EndGlobal
